
Microsoft Visual Studio Solution File, Format Version 12.00
# Visual Studio Version 17
VisualStudioVersion = 17.0.32014.148
MinimumVisualStudioVersion = 10.0.40219.1
Project("{FAE04EC0-301F-11D3-BF4B-00C04F79EFBC}") = "FinalosDOT", "FinalosDOT\FinalosDOT.csproj", "{77B9E61C-1173-43CE-8140-548A7082FD9C}"
EndProject
Project("{FAE04EC0-301F-11D3-BF4B-00C04F79EFBC}") = "Data", "Data\Data.csproj", "{9E0B2B4C-A270-4AA7-B57E-5EAD6E9B6054}"
EndProject
Project("{FAE04EC0-301F-11D3-BF4B-00C04F79EFBC}") = "Shared", "Shared\Shared.csproj", "{1099863B-1A5E-4C91-BFF7-B07DB7DE0AC7}"
EndProject
Project("{FAE04EC0-301F-11D3-BF4B-00C04F79EFBC}") = "Services", "Services\Services.csproj", "{FC26A283-3909-406F-8152-5DD3523D376B}"
EndProject
Global
	GlobalSection(SolutionConfigurationPlatforms) = preSolution
		Debug|Any CPU = Debug|Any CPU
		Release|Any CPU = Release|Any CPU
	EndGlobalSection
	GlobalSection(ProjectConfigurationPlatforms) = postSolution
		{77B9E61C-1173-43CE-8140-548A7082FD9C}.Debug|Any CPU.ActiveCfg = Debug|Any CPU
		{77B9E61C-1173-43CE-8140-548A7082FD9C}.Debug|Any CPU.Build.0 = Debug|Any CPU
		{77B9E61C-1173-43CE-8140-548A7082FD9C}.Release|Any CPU.ActiveCfg = Release|Any CPU
		{77B9E61C-1173-43CE-8140-548A7082FD9C}.Release|Any CPU.Build.0 = Release|Any CPU
		{9E0B2B4C-A270-4AA7-B57E-5EAD6E9B6054}.Debug|Any CPU.ActiveCfg = Debug|Any CPU
		{9E0B2B4C-A270-4AA7-B57E-5EAD6E9B6054}.Debug|Any CPU.Build.0 = Debug|Any CPU
		{9E0B2B4C-A270-4AA7-B57E-5EAD6E9B6054}.Release|Any CPU.ActiveCfg = Release|Any CPU
		{9E0B2B4C-A270-4AA7-B57E-5EAD6E9B6054}.Release|Any CPU.Build.0 = Release|Any CPU
		{1099863B-1A5E-4C91-BFF7-B07DB7DE0AC7}.Debug|Any CPU.ActiveCfg = Debug|Any CPU
		{1099863B-1A5E-4C91-BFF7-B07DB7DE0AC7}.Debug|Any CPU.Build.0 = Debug|Any CPU
		{1099863B-1A5E-4C91-BFF7-B07DB7DE0AC7}.Release|Any CPU.ActiveCfg = Release|Any CPU
		{1099863B-1A5E-4C91-BFF7-B07DB7DE0AC7}.Release|Any CPU.Build.0 = Release|Any CPU
		{FC26A283-3909-406F-8152-5DD3523D376B}.Debug|Any CPU.ActiveCfg = Debug|Any CPU
		{FC26A283-3909-406F-8152-5DD3523D376B}.Debug|Any CPU.Build.0 = Debug|Any CPU
		{FC26A283-3909-406F-8152-5DD3523D376B}.Release|Any CPU.ActiveCfg = Release|Any CPU
		{FC26A283-3909-406F-8152-5DD3523D376B}.Release|Any CPU.Build.0 = Release|Any CPU
	EndGlobalSection
	GlobalSection(SolutionProperties) = preSolution
		HideSolutionNode = FALSE
	EndGlobalSection
	GlobalSection(ExtensibilityGlobals) = postSolution
		SolutionGuid = {2309AB8C-EF75-417C-8EFD-429B3202E31E}
	EndGlobalSection
EndGlobal
